PODS:
  - AFNetworking (4.0.1):
    - AFNetworking/NSURLSession (= 4.0.1)
    - AFNetworking/Reachability (= 4.0.1)
    - AFNetworking/Security (= 4.0.1)
    - AFNetworking/Serialization (= 4.0.1)
    - AFNetworking/UIKit (= 4.0.1)
  - AFNetworking/NSURLSession (4.0.1):
    - AFNetworking/Reachability
    - AFNetworking/Security
    - AFNetworking/Serialization
  - AFNetworking/Reachability (4.0.1)
  - AFNetworking/Security (4.0.1)
  - AFNetworking/Serialization (4.0.1)
  - AFNetworking/UIKit (4.0.1):
    - AFNetworking/NSURLSession
  - ForecastIOClient (0.2.3):
    - AFNetworking
    - SwiftyJSON
  - Nimble (8.1.2)
  - SwiftyJSON (5.0.0)

DEPENDENCIES:
  - ForecastIOClient (from `../`)
  - Nimble

SPEC REPOS:
  https://github.com/CocoaPods/Specs.git:
    - AFNetworking
    - Nimble
    - SwiftyJSON

EXTERNAL SOURCES:
  ForecastIOClient:
    :path: "../"

SPEC CHECKSUMS:
  AFNetworking: 7864c38297c79aaca1500c33288e429c3451fdce
  ForecastIOClient: 9ca9386c11b240decb75b0e5eadd9056365ab5bd
  Nimble: 3864815b4703c7ebffba875973c70e854489fbae
  SwiftyJSON: 36413e04c44ee145039d332b4f4e2d3e8d6c4db7

PODFILE CHECKSUM: c98f01fd8c4b90f14401bd266c9845ddf2d005e7

COCOAPODS: 1.10.0
