PODS:
  - AFNetworking (2.6.0):
    - AFNetworking/NSURLConnection (= 2.6.0)
    - AFNetworking/NSURLSession (= 2.6.0)
    - AFNetworking/Reachability (= 2.6.0)
    - AFNetworking/Security (= 2.6.0)
    - AFNetworking/Serialization (= 2.6.0)
    - AFNetworking/UIKit (= 2.6.0)
  - AFNetworking/NSURLConnection (2.6.0):
    - AFNetworking/Reachability
    - AFNetworking/Security
    - AFNetworking/Serialization
  - AFNetworking/NSURLSession (2.6.0):
    - AFNetworking/Reachability
    - AFNetworking/Security
    - AFNetworking/Serialization
  - AFNetworking/Reachability (2.6.0)
  - AFNetworking/Security (2.6.0)
  - AFNetworking/Serialization (2.6.0)
  - AFNetworking/UIKit (2.6.0):
    - AFNetworking/NSURLConnection
    - AFNetworking/NSURLSession
  - ForecastIOClient (0.1.0):
    - AFNetworking (~> 2.3)
    - SwiftyJSON
  - Nimble (2.0.0-rc.3)
  - SwiftyJSON (2.3.0)

DEPENDENCIES:
  - ForecastIOClient (from `../`)
  - Nimble (= 2.0.0-rc.3)

EXTERNAL SOURCES:
  ForecastIOClient:
    :path: ../

SPEC CHECKSUMS:
  AFNetworking: 79f7eb1a0fcfa7beb409332b2ca49afe9ce53b05
  ForecastIOClient: 062a3a042078a34e57f3f348af655587e39c902b
  Nimble: 9dff98ee195ffe7351d3b2fb01d3a1420fd97948
  SwiftyJSON: 8d6b61a70277ef2a5d710d372e06e7e2d87fb9e4

COCOAPODS: 0.38.2
